
Microsoft Visual Studio Solution File, Format Version 12.00
# Visual Studio Version 17
VisualStudioVersion = 17.5.33516.290
MinimumVisualStudioVersion = 10.0.40219.1
Project("{9A19103F-16F7-4668-BE54-9A1E7A4F7556}") = "GeometricFigureSquare", "GeometricFigureSquare.csproj", "{66F18D66-A95A-487D-975E-D577818FC6D7}"
EndProject
Project("{9A19103F-16F7-4668-BE54-9A1E7A4F7556}") = "GFSTests", "..\GFSTests\GFSTests.csproj", "{649D7FDA-9C57-4AF0-BD4E-6BB7FD7AD577}"
EndProject
Global
	GlobalSection(SolutionConfigurationPlatforms) = preSolution
		Debug|Any CPU = Debug|Any CPU
		Release|Any CPU = Release|Any CPU
	EndGlobalSection
	GlobalSection(ProjectConfigurationPlatforms) = postSolution
		{66F18D66-A95A-487D-975E-D577818FC6D7}.Debug|Any CPU.ActiveCfg = Debug|Any CPU
		{66F18D66-A95A-487D-975E-D577818FC6D7}.Debug|Any CPU.Build.0 = Debug|Any CPU
		{66F18D66-A95A-487D-975E-D577818FC6D7}.Release|Any CPU.ActiveCfg = Release|Any CPU
		{66F18D66-A95A-487D-975E-D577818FC6D7}.Release|Any CPU.Build.0 = Release|Any CPU
		{649D7FDA-9C57-4AF0-BD4E-6BB7FD7AD577}.Debug|Any CPU.ActiveCfg = Debug|Any CPU
		{649D7FDA-9C57-4AF0-BD4E-6BB7FD7AD577}.Debug|Any CPU.Build.0 = Debug|Any CPU
		{649D7FDA-9C57-4AF0-BD4E-6BB7FD7AD577}.Release|Any CPU.ActiveCfg = Release|Any CPU
		{649D7FDA-9C57-4AF0-BD4E-6BB7FD7AD577}.Release|Any CPU.Build.0 = Release|Any CPU
	EndGlobalSection
	GlobalSection(SolutionProperties) = preSolution
		HideSolutionNode = FALSE
	EndGlobalSection
	GlobalSection(ExtensibilityGlobals) = postSolution
		SolutionGuid = {1A4972B7-B60E-4661-9B82-65707B545368}
	EndGlobalSection
EndGlobal
